
Microsoft Visual Studio Solution File, Format Version 12.00
# Visual Studio Version 17
VisualStudioVersion = 17.8.34309.116
MinimumVisualStudioVersion = 10.0.40219.1
Project("{9A19103F-16F7-4668-BE54-9A1E7A4F7556}") = "SQLServerCrudSample", "SQLServerCrudSample\SQLServerCrudSample.csproj", "{D70AC964-6442-4B79-B72A-C851FFAD5638}"
EndProject
Project("{9A19103F-16F7-4668-BE54-9A1E7A4F7556}") = "TransactionSample", "TransactionSample\TransactionSample.csproj", "{997B6EB8-1D57-43F7-8910-4E2BC1A5690E}"
EndProject
Project("{9A19103F-16F7-4668-BE54-9A1E7A4F7556}") = "MySQLCrudSample", "MySQLCrudSample\MySQLCrudSample.csproj", "{1A32A6C3-0BBF-46BD-A3A9-36E660A5EC84}"
EndProject
Project("{9A19103F-16F7-4668-BE54-9A1E7A4F7556}") = "PostgreSQLCurdSample", "PostgreSQLApp\PostgreSQLCurdSample.csproj", "{A3D21006-6DBC-415D-803F-8B8B2A48950C}"
EndProject
Project("{FAE04EC0-301F-11D3-BF4B-00C04F79EFBC}") = "SQLiteCrudSample", "SQLiteCrudSample\SQLiteCrudSample.csproj", "{CED07C1F-C978-4C11-BED2-FD112F6E662D}"
EndProject
Global
	GlobalSection(SolutionConfigurationPlatforms) = preSolution
		Debug|Any CPU = Debug|Any CPU
		Release|Any CPU = Release|Any CPU
	EndGlobalSection
	GlobalSection(ProjectConfigurationPlatforms) = postSolution
		{D70AC964-6442-4B79-B72A-C851FFAD5638}.Debug|Any CPU.ActiveCfg = Debug|Any CPU
		{D70AC964-6442-4B79-B72A-C851FFAD5638}.Debug|Any CPU.Build.0 = Debug|Any CPU
		{D70AC964-6442-4B79-B72A-C851FFAD5638}.Release|Any CPU.ActiveCfg = Release|Any CPU
		{D70AC964-6442-4B79-B72A-C851FFAD5638}.Release|Any CPU.Build.0 = Release|Any CPU
		{997B6EB8-1D57-43F7-8910-4E2BC1A5690E}.Debug|Any CPU.ActiveCfg = Debug|Any CPU
		{997B6EB8-1D57-43F7-8910-4E2BC1A5690E}.Debug|Any CPU.Build.0 = Debug|Any CPU
		{997B6EB8-1D57-43F7-8910-4E2BC1A5690E}.Release|Any CPU.ActiveCfg = Release|Any CPU
		{997B6EB8-1D57-43F7-8910-4E2BC1A5690E}.Release|Any CPU.Build.0 = Release|Any CPU
		{1A32A6C3-0BBF-46BD-A3A9-36E660A5EC84}.Debug|Any CPU.ActiveCfg = Debug|Any CPU
		{1A32A6C3-0BBF-46BD-A3A9-36E660A5EC84}.Debug|Any CPU.Build.0 = Debug|Any CPU
		{1A32A6C3-0BBF-46BD-A3A9-36E660A5EC84}.Release|Any CPU.ActiveCfg = Release|Any CPU
		{1A32A6C3-0BBF-46BD-A3A9-36E660A5EC84}.Release|Any CPU.Build.0 = Release|Any CPU
		{A3D21006-6DBC-415D-803F-8B8B2A48950C}.Debug|Any CPU.ActiveCfg = Debug|Any CPU
		{A3D21006-6DBC-415D-803F-8B8B2A48950C}.Debug|Any CPU.Build.0 = Debug|Any CPU
		{A3D21006-6DBC-415D-803F-8B8B2A48950C}.Release|Any CPU.ActiveCfg = Release|Any CPU
		{A3D21006-6DBC-415D-803F-8B8B2A48950C}.Release|Any CPU.Build.0 = Release|Any CPU
		{CED07C1F-C978-4C11-BED2-FD112F6E662D}.Debug|Any CPU.ActiveCfg = Debug|Any CPU
		{CED07C1F-C978-4C11-BED2-FD112F6E662D}.Debug|Any CPU.Build.0 = Debug|Any CPU
		{CED07C1F-C978-4C11-BED2-FD112F6E662D}.Release|Any CPU.ActiveCfg = Release|Any CPU
		{CED07C1F-C978-4C11-BED2-FD112F6E662D}.Release|Any CPU.Build.0 = Release|Any CPU
	EndGlobalSection
	GlobalSection(SolutionProperties) = preSolution
		HideSolutionNode = FALSE
	EndGlobalSection
	GlobalSection(ExtensibilityGlobals) = postSolution
		SolutionGuid = {1518B3A1-748A-422A-B4B3-37B1D3193BD6}
	EndGlobalSection
EndGlobal
