
Microsoft Visual Studio Solution File, Format Version 12.00
# Visual Studio Version 17
VisualStudioVersion = 17.8.34309.116
MinimumVisualStudioVersion = 10.0.40219.1
Project("{9A19103F-16F7-4668-BE54-9A1E7A4F7556}") = "EFCoreSample", "EFCoreSample.csproj", "{34A09280-D0D4-4D39-A553-BFC08BC36E7C}"
EndProject
Project("{FAE04EC0-301F-11D3-BF4B-00C04F79EFBC}") = "TransactionSample", "..\TransactionSample\TransactionSample.csproj", "{8D80211E-44A2-410A-B959-F853CB8884A3}"
EndProject
Global
	GlobalSection(SolutionConfigurationPlatforms) = preSolution
		Debug|Any CPU = Debug|Any CPU
		Release|Any CPU = Release|Any CPU
	EndGlobalSection
	GlobalSection(ProjectConfigurationPlatforms) = postSolution
		{34A09280-D0D4-4D39-A553-BFC08BC36E7C}.Debug|Any CPU.ActiveCfg = Debug|Any CPU
		{34A09280-D0D4-4D39-A553-BFC08BC36E7C}.Debug|Any CPU.Build.0 = Debug|Any CPU
		{34A09280-D0D4-4D39-A553-BFC08BC36E7C}.Release|Any CPU.ActiveCfg = Release|Any CPU
		{34A09280-D0D4-4D39-A553-BFC08BC36E7C}.Release|Any CPU.Build.0 = Release|Any CPU
		{8D80211E-44A2-410A-B959-F853CB8884A3}.Debug|Any CPU.ActiveCfg = Debug|Any CPU
		{8D80211E-44A2-410A-B959-F853CB8884A3}.Debug|Any CPU.Build.0 = Debug|Any CPU
		{8D80211E-44A2-410A-B959-F853CB8884A3}.Release|Any CPU.ActiveCfg = Release|Any CPU
		{8D80211E-44A2-410A-B959-F853CB8884A3}.Release|Any CPU.Build.0 = Release|Any CPU
	EndGlobalSection
	GlobalSection(SolutionProperties) = preSolution
		HideSolutionNode = FALSE
	EndGlobalSection
	GlobalSection(ExtensibilityGlobals) = postSolution
		SolutionGuid = {1518B3A1-748A-422A-B4B3-37B1D3193BD6}
	EndGlobalSection
EndGlobal
